
Microsoft Visual Studio Solution File, Format Version 12.00
# Visual Studio Version 16
VisualStudioVersion = 16.0.29519.87
MinimumVisualStudioVersion = 10.0.40219.1
Project("{9A19103F-16F7-4668-BE54-9A1E7A4F7556}") = "tcc.identity.manager", "tcc.identity.manager\tcc.identity.manager.csproj", "{60E9D989-2959-4A42-86FC-BFA82DA8B8B0}"
EndProject
Project("{9A19103F-16F7-4668-BE54-9A1E7A4F7556}") = "tcc.identity.manager.application", "tcc.identity.manager.application\tcc.identity.manager.application.csproj", "{58CA2E95-1EDD-4D58-9081-B743D7BA5321}"
EndProject
Project("{9A19103F-16F7-4668-BE54-9A1E7A4F7556}") = "tcc.identity.manager.domain", "tcc.identity.manager.domain\tcc.identity.manager.domain.csproj", "{32DC7E6D-1F07-4B3C-A3D6-91555FA0F98F}"
EndProject
Project("{FAE04EC0-301F-11D3-BF4B-00C04F79EFBC}") = "tcc.identity.manager.infra", "tcc.identity.manager.infra\tcc.identity.manager.infra.csproj", "{A31BF291-7ACD-4B65-89EF-4F4898C2008E}"
EndProject
Project("{FAE04EC0-301F-11D3-BF4B-00C04F79EFBC}") = "tcc.identity.crosscutting.ioc", "tcc.identity.crosscutting.ioc\tcc.identity.crosscutting.ioc.csproj", "{E700A8E5-C692-404E-816A-DB5982334B56}"
EndProject
Global
	GlobalSection(SolutionConfigurationPlatforms) = preSolution
		Debug|Any CPU = Debug|Any CPU
		Release|Any CPU = Release|Any CPU
	EndGlobalSection
	GlobalSection(ProjectConfigurationPlatforms) = postSolution
		{60E9D989-2959-4A42-86FC-BFA82DA8B8B0}.Debug|Any CPU.ActiveCfg = Debug|Any CPU
		{60E9D989-2959-4A42-86FC-BFA82DA8B8B0}.Debug|Any CPU.Build.0 = Debug|Any CPU
		{60E9D989-2959-4A42-86FC-BFA82DA8B8B0}.Release|Any CPU.ActiveCfg = Release|Any CPU
		{60E9D989-2959-4A42-86FC-BFA82DA8B8B0}.Release|Any CPU.Build.0 = Release|Any CPU
		{58CA2E95-1EDD-4D58-9081-B743D7BA5321}.Debug|Any CPU.ActiveCfg = Debug|Any CPU
		{58CA2E95-1EDD-4D58-9081-B743D7BA5321}.Debug|Any CPU.Build.0 = Debug|Any CPU
		{58CA2E95-1EDD-4D58-9081-B743D7BA5321}.Release|Any CPU.ActiveCfg = Release|Any CPU
		{58CA2E95-1EDD-4D58-9081-B743D7BA5321}.Release|Any CPU.Build.0 = Release|Any CPU
		{32DC7E6D-1F07-4B3C-A3D6-91555FA0F98F}.Debug|Any CPU.ActiveCfg = Debug|Any CPU
		{32DC7E6D-1F07-4B3C-A3D6-91555FA0F98F}.Debug|Any CPU.Build.0 = Debug|Any CPU
		{32DC7E6D-1F07-4B3C-A3D6-91555FA0F98F}.Release|Any CPU.ActiveCfg = Release|Any CPU
		{32DC7E6D-1F07-4B3C-A3D6-91555FA0F98F}.Release|Any CPU.Build.0 = Release|Any CPU
		{A31BF291-7ACD-4B65-89EF-4F4898C2008E}.Debug|Any CPU.ActiveCfg = Debug|Any CPU
		{A31BF291-7ACD-4B65-89EF-4F4898C2008E}.Debug|Any CPU.Build.0 = Debug|Any CPU
		{A31BF291-7ACD-4B65-89EF-4F4898C2008E}.Release|Any CPU.ActiveCfg = Release|Any CPU
		{A31BF291-7ACD-4B65-89EF-4F4898C2008E}.Release|Any CPU.Build.0 = Release|Any CPU
		{E700A8E5-C692-404E-816A-DB5982334B56}.Debug|Any CPU.ActiveCfg = Debug|Any CPU
		{E700A8E5-C692-404E-816A-DB5982334B56}.Debug|Any CPU.Build.0 = Debug|Any CPU
		{E700A8E5-C692-404E-816A-DB5982334B56}.Release|Any CPU.ActiveCfg = Release|Any CPU
		{E700A8E5-C692-404E-816A-DB5982334B56}.Release|Any CPU.Build.0 = Release|Any CPU
	EndGlobalSection
	GlobalSection(SolutionProperties) = preSolution
		HideSolutionNode = FALSE
	EndGlobalSection
	GlobalSection(ExtensibilityGlobals) = postSolution
		SolutionGuid = {66BED33F-3000-4F14-A46B-932EFDD5CC8D}
	EndGlobalSection
EndGlobal
